{
  "version": 4,
  "terraform_version": "1.14.7",
  "serial": 6,
  "lineage": "f19c4c4d-cc20-1225-55c0-90c9a20e32ad",
  "outputs": {
    "backend_repository_url": {
      "value": "497330445336.dkr.ecr.us-east-1.amazonaws.com/expense-tracker-backend",
      "type": "string"
    },
    "frontend_repository_url": {
      "value": "497330445336.dkr.ecr.us-east-1.amazonaws.com/expense-tracker-frontend",
      "type": "string"
    }
  },
  "resources": [
    {
      "module": "module.backend_ecr",
      "mode": "managed",
      "type": "aws_ecr_lifecycle_policy",
      "name": "this",
      "provider": "provider[\"registry.terraform.io/hashicorp/aws\"]",
      "instances": [
        {
          "schema_version": 0,
          "attributes": {
            "id": "expense-tracker-backend",
            "policy": "{\"rules\":[{\"action\":{\"type\":\"expire\"},\"description\":\"Keep last 3 images\",\"rulePriority\":1,\"selection\":{\"countNumber\":3,\"countType\":\"imageCountMoreThan\",\"tagStatus\":\"any\"}}]}",
            "region": "us-east-1",
            "registry_id": "497330445336",
            "repository": "expense-tracker-backend"
          },
          "sensitive_attributes": [],
          "identity_schema_version": 0,
          "identity": {
            "account_id": "497330445336",
            "region": "us-east-1",
            "repository": "expense-tracker-backend"
          },
          "private": "bnVsbA==",
          "dependencies": [
            "module.backend_ecr.aws_ecr_repository.this"
          ]
        }
      ]
    },
    {
      "module": "module.backend_ecr",
      "mode": "managed",
      "type": "aws_ecr_repository",
      "name": "this",
      "provider": "provider[\"registry.terraform.io/hashicorp/aws\"]",
      "instances": [
        {
          "schema_version": 0,
          "attributes": {
            "arn": "arn:aws:ecr:us-east-1:497330445336:repository/expense-tracker-backend",
            "encryption_configuration": [
              {
                "encryption_type": "AES256",
                "kms_key": ""
              }
            ],
            "force_delete": null,
            "id": "expense-tracker-backend",
            "image_scanning_configuration": [
              {
                "scan_on_push": true
              }
            ],
            "image_tag_mutability": "MUTABLE",
            "image_tag_mutability_exclusion_filter": [],
            "name": "expense-tracker-backend",
            "region": "us-east-1",
            "registry_id": "497330445336",
            "repository_url": "497330445336.dkr.ecr.us-east-1.amazonaws.com/expense-tracker-backend",
            "tags": {
              "Environment": "dev",
              "ManagedBy": "terraform",
              "Name": "expense-tracker-backend",
              "Project": "expense-tracker"
            },
            "tags_all": {
              "Environment": "dev",
              "ManagedBy": "terraform",
              "Name": "expense-tracker-backend",
              "Project": "expense-tracker"
            },
            "timeouts": null
          },
          "sensitive_attributes": [],
          "identity_schema_version": 0,
          "identity": {
            "account_id": "497330445336",
            "name": "expense-tracker-backend",
            "region": "us-east-1"
          },
          "private": "eyJlMmJmYjczMC1lY2FhLTExZTYtOGY4OC0zNDM2M2JjN2M0YzAiOnsiZGVsZXRlIjoxMjAwMDAwMDAwMDAwfX0="
        }
      ]
    },
    {
      "module": "module.frontend_ecr",
      "mode": "managed",
      "type": "aws_ecr_lifecycle_policy",
      "name": "this",
      "provider": "provider[\"registry.terraform.io/hashicorp/aws\"]",
      "instances": [
        {
          "schema_version": 0,
          "attributes": {
            "id": "expense-tracker-frontend",
            "policy": "{\"rules\":[{\"action\":{\"type\":\"expire\"},\"description\":\"Keep last 3 images\",\"rulePriority\":1,\"selection\":{\"countNumber\":3,\"countType\":\"imageCountMoreThan\",\"tagStatus\":\"any\"}}]}",
            "region": "us-east-1",
            "registry_id": "497330445336",
            "repository": "expense-tracker-frontend"
          },
          "sensitive_attributes": [],
          "identity_schema_version": 0,
          "identity": {
            "account_id": "497330445336",
            "region": "us-east-1",
            "repository": "expense-tracker-frontend"
          },
          "private": "bnVsbA==",
          "dependencies": [
            "module.frontend_ecr.aws_ecr_repository.this"
          ]
        }
      ]
    },
    {
      "module": "module.frontend_ecr",
      "mode": "managed",
      "type": "aws_ecr_repository",
      "name": "this",
      "provider": "provider[\"registry.terraform.io/hashicorp/aws\"]",
      "instances": [
        {
          "schema_version": 0,
          "attributes": {
            "arn": "arn:aws:ecr:us-east-1:497330445336:repository/expense-tracker-frontend",
            "encryption_configuration": [
              {
                "encryption_type": "AES256",
                "kms_key": ""
              }
            ],
            "force_delete": null,
            "id": "expense-tracker-frontend",
            "image_scanning_configuration": [
              {
                "scan_on_push": true
              }
            ],
            "image_tag_mutability": "MUTABLE",
            "image_tag_mutability_exclusion_filter": [],
            "name": "expense-tracker-frontend",
            "region": "us-east-1",
            "registry_id": "497330445336",
            "repository_url": "497330445336.dkr.ecr.us-east-1.amazonaws.com/expense-tracker-frontend",
            "tags": {
              "Environment": "dev",
              "ManagedBy": "terraform",
              "Name": "expense-tracker-frontend",
              "Project": "expense-tracker"
            },
            "tags_all": {
              "Environment": "dev",
              "ManagedBy": "terraform",
              "Name": "expense-tracker-frontend",
              "Project": "expense-tracker"
            },
            "timeouts": null
          },
          "sensitive_attributes": [],
          "identity_schema_version": 0,
          "identity": {
            "account_id": "497330445336",
            "name": "expense-tracker-frontend",
            "region": "us-east-1"
          },
          "private": "eyJlMmJmYjczMC1lY2FhLTExZTYtOGY4OC0zNDM2M2JjN2M0YzAiOnsiZGVsZXRlIjoxMjAwMDAwMDAwMDAwfX0="
        }
      ]
    }
  ],
  "check_results": null
}
